
Microsoft Visual Studio Solution File, Format Version 12.00
# Visual Studio 2012
Project("{FAE04EC0-301F-11D3-BF4B-00C04F79EFBC}") = "ConsistentValidation", "ConsistentValidation\ConsistentValidation.csproj", "{E729014E-FD86-4E77-8BC7-2C78328F1735}"
EndProject
Project("{FAE04EC0-301F-11D3-BF4B-00C04F79EFBC}") = "ConsistentValidation.Mvc", "ConsistentValidation.Mvc\ConsistentValidation.Mvc.csproj", "{E0142484-C479-43E6-9E6A-22E2EB3CBDA3}"
EndProject
Global
	GlobalSection(SolutionConfigurationPlatforms) = preSolution
		Debug|Any CPU = Debug|Any CPU
		Release|Any CPU = Release|Any CPU
	EndGlobalSection
	GlobalSection(ProjectConfigurationPlatforms) = postSolution
		{E729014E-FD86-4E77-8BC7-2C78328F1735}.Debug|Any CPU.ActiveCfg = Debug|Any CPU
		{E729014E-FD86-4E77-8BC7-2C78328F1735}.Debug|Any CPU.Build.0 = Debug|Any CPU
		{E729014E-FD86-4E77-8BC7-2C78328F1735}.Release|Any CPU.ActiveCfg = Release|Any CPU
		{E729014E-FD86-4E77-8BC7-2C78328F1735}.Release|Any CPU.Build.0 = Release|Any CPU
		{E0142484-C479-43E6-9E6A-22E2EB3CBDA3}.Debug|Any CPU.ActiveCfg = Debug|Any CPU
		{E0142484-C479-43E6-9E6A-22E2EB3CBDA3}.Debug|Any CPU.Build.0 = Debug|Any CPU
		{E0142484-C479-43E6-9E6A-22E2EB3CBDA3}.Release|Any CPU.ActiveCfg = Release|Any CPU
		{E0142484-C479-43E6-9E6A-22E2EB3CBDA3}.Release|Any CPU.Build.0 = Release|Any CPU
	EndGlobalSection
	GlobalSection(SolutionProperties) = preSolution
		HideSolutionNode = FALSE
	EndGlobalSection
EndGlobal
